<?xml version="1.0" encoding="utf-8"?>
<Project ToolsVersion="4.0" xmlns="http://schemas.microsoft.com/developer/msbuild/2003">
  <ItemGroup>
    <Filter Include="Source Files">
      <UniqueIdentifier>{4FC737F1-C7A5-4376-A066-2A32D752A2FF}</UniqueIdentifier>
      <Extensions>cpp;c;cc;cxx;c++;cppm;ixx;def;odl;idl;hpj;bat;asm;asmx</Extensions>
    </Filter>
    <Filter Include="Header Files">
      <UniqueIdentifier>{93995380-89BD-4b04-88EB-625FBE52EBFB}</UniqueIdentifier>
      <Extensions>h;hh;hpp;hxx;h++;hm;inl;inc;ipp;xsd</Extensions>
    </Filter>
    <Filter Include="Resource Files">
      <UniqueIdentifier>{67DA6AB6-F800-4c08-8B7A-83BB121AAD01}</UniqueIdentifier>
      <Extensions>rc;ico;cur;bmp;dlg;rc2;rct;bin;rgs;gif;jpg;jpeg;jpe;resx;tiff;tif;png;wav;mfcribbon-ms</Extensions>
    </Filter>
    <Filter Include="Header Files\Chapter2">
      <UniqueIdentifier>{e0f9fcf2-4b49-47d2-873d-415a7701434d}</UniqueIdentifier>
    </Filter>
    <Filter Include="Resource Files\Chapter2">
      <UniqueIdentifier>{67b05a59-5de6-46b9-8c55-4e11c59d0427}</UniqueIdentifier>
    </Filter>
    <Filter Include="Source Files\utils">
      <UniqueIdentifier>{90fc3978-046c-4a38-aef1-a9fdb317e7e7}</UniqueIdentifier>
    </Filter>
    <Filter Include="Header Files\utils">
      <UniqueIdentifier>{1de5b9a4-63f3-4940-86c2-33f019792fae}</UniqueIdentifier>
    </Filter>
    <Filter Include="Source Files\Chapter2">
      <UniqueIdentifier>{1d2c6340-3bab-4c4a-beb7-195506057941}</UniqueIdentifier>
    </Filter>
    <Filter Include="Source Files\Chapter4">
      <UniqueIdentifier>{4acfbdbe-da56-4e35-9c73-cf189d5481b8}</UniqueIdentifier>
    </Filter>
    <Filter Include="Header Files\Chapter4">
      <UniqueIdentifier>{c54ea918-3b63-4f11-a3e2-6e84b64f6acb}</UniqueIdentifier>
    </Filter>
    <Filter Include="Resource Files\Chapter4">
      <UniqueIdentifier>{16c6df8a-9b99-4414-9595-73f5d6feb2d1}</UniqueIdentifier>
    </Filter>
  </ItemGroup>
  <ItemGroup>
    <ClCompile Include="main.cpp">
      <Filter>Source Files</Filter>
    </ClCompile>
    <ClCompile Include="transform_utils.cpp">
      <Filter>Source Files\utils</Filter>
    </ClCompile>
    <ClCompile Include="program2_1.cpp">
      <Filter>Source Files\Chapter2</Filter>
    </ClCompile>
    <ClCompile Include="program2_2.cpp">
      <Filter>Source Files\Chapter2</Filter>
    </ClCompile>
    <ClCompile Include="program2_3.cpp">
      <Filter>Source Files\Chapter2</Filter>
    </ClCompile>
    <ClCompile Include="program2_4.cpp">
      <Filter>Source Files\Chapter2</Filter>
    </ClCompile>
    <ClCompile Include="program4_1.cpp">
      <Filter>Source Files\Chapter4</Filter>
    </ClCompile>
    <ClCompile Include="log_utils.cpp">
      <Filter>Source Files\utils</Filter>
    </ClCompile>
    <ClCompile Include="file_utils.cpp">
      <Filter>Source Files\utils</Filter>
    </ClCompile>
    <ClCompile Include="shader_utils.cpp">
      <Filter>Source Files\utils</Filter>
    </ClCompile>
    <ClCompile Include="program4_3.cpp">
      <Filter>Source Files\Chapter4</Filter>
    </ClCompile>
  </ItemGroup>
  <ItemGroup>
    <ClInclude Include="program2_2.h">
      <Filter>Header Files\Chapter2</Filter>
    </ClInclude>
    <ClInclude Include="program2_1.h">
      <Filter>Header Files\Chapter2</Filter>
    </ClInclude>
    <ClInclude Include="chapter2.h">
      <Filter>Header Files\Chapter2</Filter>
    </ClInclude>
    <ClInclude Include="program2_3.h">
      <Filter>Header Files\Chapter2</Filter>
    </ClInclude>
    <ClInclude Include="program2_4.h">
      <Filter>Header Files\Chapter2</Filter>
    </ClInclude>
    <ClInclude Include="transform_utils.h">
      <Filter>Header Files\utils</Filter>
    </ClInclude>
    <ClInclude Include="program4_1.h">
      <Filter>Header Files\Chapter4</Filter>
    </ClInclude>
    <ClInclude Include="chapter4.h">
      <Filter>Header Files\Chapter4</Filter>
    </ClInclude>
    <ClInclude Include="log_utils.h">
      <Filter>Header Files\utils</Filter>
    </ClInclude>
    <ClInclude Include="fragShader_4_1.glsl">
      <Filter>Resource Files\Chapter4</Filter>
    </ClInclude>
    <ClInclude Include="file_utils.h">
      <Filter>Header Files\utils</Filter>
    </ClInclude>
    <ClInclude Include="shader_utils.h">
      <Filter>Header Files\utils</Filter>
    </ClInclude>
    <ClInclude Include="utils.h">
      <Filter>Header Files\utils</Filter>
    </ClInclude>
    <ClInclude Include="program4_3.h">
      <Filter>Header Files\Chapter4</Filter>
    </ClInclude>
  </ItemGroup>
  <ItemGroup>
    <None Include="vertShader_2_4.glsl">
      <Filter>Resource Files\Chapter2</Filter>
    </None>
    <None Include="fragShader_2_4.glsl">
      <Filter>Resource Files\Chapter2</Filter>
    </None>
    <None Include="vertShader_4_1.glsl">
      <Filter>Resource Files\Chapter4</Filter>
    </None>
    <None Include="fragShader_4_3.glsl">
      <Filter>Resource Files\Chapter4</Filter>
    </None>
    <None Include="vertShader_4_3.glsl">
      <Filter>Resource Files\Chapter4</Filter>
    </None>
  </ItemGroup>
</Project>